
Microsoft Visual Studio Solution File, Format Version 12.00
# Visual Studio Version 17
VisualStudioVersion = 17.14.36327.8
MinimumVisualStudioVersion = 10.0.40219.1
Project("{2150E333-8FDC-42A3-9474-1A3956D46DE8}") = "2. Distribuição", "2. Distribuição", "{02EA681E-C7D8-13C7-8484-4AC65E1B71E8}"
EndProject
Project("{2150E333-8FDC-42A3-9474-1A3956D46DE8}") = "3. Aplicação", "3. Aplicação", "{E363F3F9-4D5A-43B5-A3B1-015E534C41FE}"
EndProject
Project("{2150E333-8FDC-42A3-9474-1A3956D46DE8}") = "4.Domínio", "4.Domínio", "{DFB6BEAA-3D9C-40CC-82AC-F89708C428C4}"
EndProject
Project("{2150E333-8FDC-42A3-9474-1A3956D46DE8}") = "5. Infra", "5. Infra", "{55473959-15A2-49C2-98C9-3B276B851B61}"
EndProject
Project("{FAE04EC0-301F-11D3-BF4B-00C04F79EFBC}") = "HabbitFlow.Dominio", "HabbitFlow.Dominio\HabbitFlow.Dominio.csproj", "{D3EB42C6-5EE1-4194-B6F5-06396A154F9A}"
EndProject
Project("{FAE04EC0-301F-11D3-BF4B-00C04F79EFBC}") = "HabbitFlow.Infra", "HabbitFlow.Infra\HabbitFlow.Infra.csproj", "{8963B996-3EC2-48A0-ADC3-681FE2B68CB9}"
EndProject
Project("{FAE04EC0-301F-11D3-BF4B-00C04F79EFBC}") = "HabbitFlow.Aplicacao", "HabbitFlow.Aplicacao\HabbitFlow.Aplicacao.csproj", "{8D0DC7D5-2F01-4B92-B634-91DF5D3CB2EE}"
EndProject
Global
	GlobalSection(SolutionConfigurationPlatforms) = preSolution
		Debug|Any CPU = Debug|Any CPU
		Release|Any CPU = Release|Any CPU
	EndGlobalSection
	GlobalSection(ProjectConfigurationPlatforms) = postSolution
		{D3EB42C6-5EE1-4194-B6F5-06396A154F9A}.Debug|Any CPU.ActiveCfg = Debug|Any CPU
		{D3EB42C6-5EE1-4194-B6F5-06396A154F9A}.Debug|Any CPU.Build.0 = Debug|Any CPU
		{D3EB42C6-5EE1-4194-B6F5-06396A154F9A}.Release|Any CPU.ActiveCfg = Release|Any CPU
		{D3EB42C6-5EE1-4194-B6F5-06396A154F9A}.Release|Any CPU.Build.0 = Release|Any CPU
		{8963B996-3EC2-48A0-ADC3-681FE2B68CB9}.Debug|Any CPU.ActiveCfg = Debug|Any CPU
		{8963B996-3EC2-48A0-ADC3-681FE2B68CB9}.Debug|Any CPU.Build.0 = Debug|Any CPU
		{8963B996-3EC2-48A0-ADC3-681FE2B68CB9}.Release|Any CPU.ActiveCfg = Release|Any CPU
		{8963B996-3EC2-48A0-ADC3-681FE2B68CB9}.Release|Any CPU.Build.0 = Release|Any CPU
		{8D0DC7D5-2F01-4B92-B634-91DF5D3CB2EE}.Debug|Any CPU.ActiveCfg = Debug|Any CPU
		{8D0DC7D5-2F01-4B92-B634-91DF5D3CB2EE}.Debug|Any CPU.Build.0 = Debug|Any CPU
		{8D0DC7D5-2F01-4B92-B634-91DF5D3CB2EE}.Release|Any CPU.ActiveCfg = Release|Any CPU
		{8D0DC7D5-2F01-4B92-B634-91DF5D3CB2EE}.Release|Any CPU.Build.0 = Release|Any CPU
	EndGlobalSection
	GlobalSection(SolutionProperties) = preSolution
		HideSolutionNode = FALSE
	EndGlobalSection
	GlobalSection(NestedProjects) = preSolution
		{D3EB42C6-5EE1-4194-B6F5-06396A154F9A} = {DFB6BEAA-3D9C-40CC-82AC-F89708C428C4}
		{8963B996-3EC2-48A0-ADC3-681FE2B68CB9} = {55473959-15A2-49C2-98C9-3B276B851B61}
		{8D0DC7D5-2F01-4B92-B634-91DF5D3CB2EE} = {E363F3F9-4D5A-43B5-A3B1-015E534C41FE}
	EndGlobalSection
	GlobalSection(ExtensibilityGlobals) = postSolution
		SolutionGuid = {0CFDEEE2-0BDD-47E7-9209-93787BEF6C8F}
	EndGlobalSection
EndGlobal
